<?xml version="1.0" encoding="utf-8"?>
<Project ToolsVersion="4.0" xmlns="http://schemas.microsoft.com/developer/msbuild/2003">
  <ItemGroup>
    <Filter Include="File di risorse">
      <UniqueIdentifier>{67DA6AB6-F800-4c08-8B7A-83BB121AAD01}</UniqueIdentifier>
      <Extensions>rc;ico;cur;bmp;dlg;rc2;rct;bin;rgs;gif;jpg;jpeg;jpe;resx;tiff;tif;png;wav;mfcribbon-ms</Extensions>
    </Filter>
    <Filter Include="Source">
      <UniqueIdentifier>{4FC737F1-C7A5-4376-A066-2A32D752A2FF}</UniqueIdentifier>
      <Extensions>cpp;c;cc;cxx;c++;cppm;ixx;def;odl;idl;hpj;bat;asm;asmx</Extensions>
    </Filter>
    <Filter Include="Headers">
      <UniqueIdentifier>{93995380-89BD-4b04-88EB-625FBE52EBFB}</UniqueIdentifier>
      <Extensions>h;hh;hpp;hxx;h++;hm;inl;inc;ipp;xsd</Extensions>
    </Filter>
    <Filter Include="Source\Third Party">
      <UniqueIdentifier>{54637f65-67df-4b86-affd-37fa40190a51}</UniqueIdentifier>
    </Filter>
    <Filter Include="Headers\Third Party">
      <UniqueIdentifier>{711c4dcf-7773-4196-b477-b292f5c913e9}</UniqueIdentifier>
    </Filter>
  </ItemGroup>
  <ItemGroup>
    <ClCompile Include="ChonkyStation2.cpp">
      <Filter>Source</Filter>
    </ClCompile>
    <ClCompile Include="Source\EE\EE.cpp">
      <Filter>Source</Filter>
    </ClCompile>
    <ClCompile Include="Source\Memory\memory.cpp">
      <Filter>Source</Filter>
    </ClCompile>
    <ClCompile Include="Source\DMA\dma.cpp">
      <Filter>Source</Filter>
    </ClCompile>
    <ClCompile Include="Source\GS\gs.cpp">
      <Filter>Source</Filter>
    </ClCompile>
    <ClCompile Include="Source\GIF\gif.cpp">
      <Filter>Source</Filter>
    </ClCompile>
    <ClCompile Include="Third party\gl3w\gl3w.cpp">
      <Filter>Source\Third Party</Filter>
    </ClCompile>
  </ItemGroup>
  <ItemGroup>
    <ClInclude Include="Source\Memory\memory.h">
      <Filter>Headers</Filter>
    </ClInclude>
    <ClInclude Include="Source\ps2.h">
      <Filter>Headers</Filter>
    </ClInclude>
    <ClInclude Include="Source\EE\EE.h">
      <Filter>Headers</Filter>
    </ClInclude>
    <ClInclude Include="Source\common.h">
      <Filter>Headers</Filter>
    </ClInclude>
    <ClInclude Include="Third party\Dolphin\BitField.hpp">
      <Filter>Headers</Filter>
    </ClInclude>
    <ClInclude Include="Third party\Dolphin\CommonTypes.hpp">
      <Filter>Headers</Filter>
    </ClInclude>
    <ClInclude Include="Third party\fmt\include\fmt\args.h">
      <Filter>Headers</Filter>
    </ClInclude>
    <ClInclude Include="Third party\fmt\include\fmt\chrono.h">
      <Filter>Headers</Filter>
    </ClInclude>
    <ClInclude Include="Third party\fmt\include\fmt\color.h">
      <Filter>Headers</Filter>
    </ClInclude>
    <ClInclude Include="Third party\fmt\include\fmt\compile.h">
      <Filter>Headers</Filter>
    </ClInclude>
    <ClInclude Include="Third party\fmt\include\fmt\core.h">
      <Filter>Headers</Filter>
    </ClInclude>
    <ClInclude Include="Third party\fmt\include\fmt\format.h">
      <Filter>Headers</Filter>
    </ClInclude>
    <ClInclude Include="Third party\fmt\include\fmt\format-inl.h">
      <Filter>Headers</Filter>
    </ClInclude>
    <ClInclude Include="Third party\fmt\include\fmt\locale.h">
      <Filter>Headers</Filter>
    </ClInclude>
    <ClInclude Include="Third party\fmt\include\fmt\os.h">
      <Filter>Headers</Filter>
    </ClInclude>
    <ClInclude Include="Third party\fmt\include\fmt\ostream.h">
      <Filter>Headers</Filter>
    </ClInclude>
    <ClInclude Include="Third party\fmt\include\fmt\printf.h">
      <Filter>Headers</Filter>
    </ClInclude>
    <ClInclude Include="Third party\fmt\include\fmt\ranges.h">
      <Filter>Headers</Filter>
    </ClInclude>
    <ClInclude Include="Third party\fmt\include\fmt\xchar.h">
      <Filter>Headers</Filter>
    </ClInclude>
    <ClInclude Include="Source\DMA\dma.h">
      <Filter>Headers</Filter>
    </ClInclude>
    <ClInclude Include="Source\GS\gs.h">
      <Filter>Headers</Filter>
    </ClInclude>
    <ClInclude Include="Source\GIF\gif.h">
      <Filter>Headers</Filter>
    </ClInclude>
    <ClInclude Include="Third party\opengl.h">
      <Filter>Headers\Third Party</Filter>
    </ClInclude>
  </ItemGroup>
</Project>